{
  "originHash" : "b6dd7dd052f0f4b07a69138b97052b92402c85c7844213056de45080199124df",
  "pins" : [
    {
      "identity" : "blecombinekit",
      "kind" : "remoteSourceControl",
      "location" : "https://github.com/Henryforce/BLECombineKit",
      "state" : {
        "branch" : "concurrency_update",
        "revision" : "6621bad4aa9bbffc76ff2576d9e6b7fb913463dc"
      }
    }
  ],
  "version" : 3
}
